
Microsoft Visual Studio Solution File, Format Version 12.00
# Visual Studio 2012
Project("{FAE04EC0-301F-11D3-BF4B-00C04F79EFBC}") = "WyzLinkProj03-Solar System.CSharp", "WyzLinkProj03-Solar System.CSharp.csproj", "{B034762F-47E6-DCC3-24A9-CE2527B7AF66}"
EndProject
Global
	GlobalSection(SolutionConfigurationPlatforms) = preSolution
		Debug|Any CPU = Debug|Any CPU
		Release|Any CPU = Release|Any CPU
	EndGlobalSection
	GlobalSection(ProjectConfigurationPlatforms) = postSolution
		{B034762F-47E6-DCC3-24A9-CE2527B7AF66}.Debug|Any CPU.ActiveCfg = Debug|Any CPU
		{B034762F-47E6-DCC3-24A9-CE2527B7AF66}.Debug|Any CPU.Build.0 = Debug|Any CPU
		{B034762F-47E6-DCC3-24A9-CE2527B7AF66}.Release|Any CPU.ActiveCfg = Release|Any CPU
		{B034762F-47E6-DCC3-24A9-CE2527B7AF66}.Release|Any CPU.Build.0 = Release|Any CPU
	EndGlobalSection
EndGlobal
